
Microsoft Visual Studio Solution File, Format Version 12.00
# Visual Studio Version 16
VisualStudioVersion = 16.0.30803.129
MinimumVisualStudioVersion = 10.0.40219.1
Project("{9A19103F-16F7-4668-BE54-9A1E7A4F7556}") = "CoreBll", "CoreBll\CoreBll.csproj", "{078E3BC1-00B9-4A4E-B5BE-80648B02E2BA}"
EndProject
Project("{FAE04EC0-301F-11D3-BF4B-00C04F79EFBC}") = "CoreConsole", "CoreConsole\CoreConsole.csproj", "{5C7C62C8-1563-4913-AA5F-7F9623C599A7}"
	ProjectSection(ProjectDependencies) = postProject
		{10821794-5C1A-409F-ADDC-D9D85C3199EE} = {10821794-5C1A-409F-ADDC-D9D85C3199EE}
	EndProjectSection
EndProject
Project("{FAE04EC0-301F-11D3-BF4B-00C04F79EFBC}") = "BanCore", "BanCore\BanCore.csproj", "{10821794-5C1A-409F-ADDC-D9D85C3199EE}"
EndProject
Global
	GlobalSection(SolutionConfigurationPlatforms) = preSolution
		Debug|Any CPU = Debug|Any CPU
		Release|Any CPU = Release|Any CPU
	EndGlobalSection
	GlobalSection(ProjectConfigurationPlatforms) = postSolution
		{078E3BC1-00B9-4A4E-B5BE-80648B02E2BA}.Debug|Any CPU.ActiveCfg = Debug|Any CPU
		{078E3BC1-00B9-4A4E-B5BE-80648B02E2BA}.Debug|Any CPU.Build.0 = Debug|Any CPU
		{078E3BC1-00B9-4A4E-B5BE-80648B02E2BA}.Release|Any CPU.ActiveCfg = Release|Any CPU
		{078E3BC1-00B9-4A4E-B5BE-80648B02E2BA}.Release|Any CPU.Build.0 = Release|Any CPU
		{5C7C62C8-1563-4913-AA5F-7F9623C599A7}.Debug|Any CPU.ActiveCfg = Debug|Any CPU
		{5C7C62C8-1563-4913-AA5F-7F9623C599A7}.Debug|Any CPU.Build.0 = Debug|Any CPU
		{5C7C62C8-1563-4913-AA5F-7F9623C599A7}.Release|Any CPU.ActiveCfg = Release|Any CPU
		{5C7C62C8-1563-4913-AA5F-7F9623C599A7}.Release|Any CPU.Build.0 = Release|Any CPU
		{10821794-5C1A-409F-ADDC-D9D85C3199EE}.Debug|Any CPU.ActiveCfg = Debug|Any CPU
		{10821794-5C1A-409F-ADDC-D9D85C3199EE}.Debug|Any CPU.Build.0 = Debug|Any CPU
		{10821794-5C1A-409F-ADDC-D9D85C3199EE}.Release|Any CPU.ActiveCfg = Release|Any CPU
		{10821794-5C1A-409F-ADDC-D9D85C3199EE}.Release|Any CPU.Build.0 = Release|Any CPU
	EndGlobalSection
	GlobalSection(SolutionProperties) = preSolution
		HideSolutionNode = FALSE
	EndGlobalSection
	GlobalSection(ExtensibilityGlobals) = postSolution
		SolutionGuid = {26667D46-4FF7-4A64-A370-210125F581BF}
	EndGlobalSection
EndGlobal
